
Microsoft Visual Studio Solution File, Format Version 12.00
Project("{FAE04EC0-301F-11D3-BF4B-00C04F79EFBC}") = "AnimationLanguage", "AnimationLanguage\AnimationLanguage.csproj", "{ED092FEA-C4A0-4D8D-AE5E-460B97C19368}"
EndProject
Project("{FAE04EC0-301F-11D3-BF4B-00C04F79EFBC}") = "Tests", "Tests\Tests.csproj", "{D2B2CBAF-046C-4B8C-AB9A-4320F14786EB}"
EndProject
Global
	GlobalSection(SolutionConfigurationPlatforms) = preSolution
		Debug|Any CPU = Debug|Any CPU
		Release|Any CPU = Release|Any CPU
	EndGlobalSection
	GlobalSection(ProjectConfigurationPlatforms) = postSolution
		{ED092FEA-C4A0-4D8D-AE5E-460B97C19368}.Debug|Any CPU.ActiveCfg = Debug|Any CPU
		{ED092FEA-C4A0-4D8D-AE5E-460B97C19368}.Debug|Any CPU.Build.0 = Debug|Any CPU
		{ED092FEA-C4A0-4D8D-AE5E-460B97C19368}.Release|Any CPU.ActiveCfg = Release|Any CPU
		{ED092FEA-C4A0-4D8D-AE5E-460B97C19368}.Release|Any CPU.Build.0 = Release|Any CPU
		{D2B2CBAF-046C-4B8C-AB9A-4320F14786EB}.Debug|Any CPU.ActiveCfg = Debug|Any CPU
		{D2B2CBAF-046C-4B8C-AB9A-4320F14786EB}.Debug|Any CPU.Build.0 = Debug|Any CPU
		{D2B2CBAF-046C-4B8C-AB9A-4320F14786EB}.Release|Any CPU.ActiveCfg = Release|Any CPU
		{D2B2CBAF-046C-4B8C-AB9A-4320F14786EB}.Release|Any CPU.Build.0 = Release|Any CPU
	EndGlobalSection
EndGlobal
